
Microsoft Visual Studio Solution File, Format Version 12.00
# Visual Studio Version 17
VisualStudioVersion = 17.14.36511.14 d17.14
MinimumVisualStudioVersion = 10.0.40219.1
Project("{FAE04EC0-301F-11D3-BF4B-00C04F79EFBC}") = "GameScout", "GameScout\GameScout.csproj", "{FED8A7AB-E444-4F37-A329-87ADF1C253ED}"
EndProject
Project("{FAE04EC0-301F-11D3-BF4B-00C04F79EFBC}") = "GameScout.Client", "GameScout.Client\GameScout.Client.csproj", "{56C7BAF4-F1C7-46B3-812C-B257D2E26850}"
EndProject
Global
	GlobalSection(SolutionConfigurationPlatforms) = preSolution
		Debug|Any CPU = Debug|Any CPU
		Release|Any CPU = Release|Any CPU
	EndGlobalSection
	GlobalSection(ProjectConfigurationPlatforms) = postSolution
		{FED8A7AB-E444-4F37-A329-87ADF1C253ED}.Debug|Any CPU.ActiveCfg = Debug|Any CPU
		{FED8A7AB-E444-4F37-A329-87ADF1C253ED}.Debug|Any CPU.Build.0 = Debug|Any CPU
		{FED8A7AB-E444-4F37-A329-87ADF1C253ED}.Release|Any CPU.ActiveCfg = Release|Any CPU
		{FED8A7AB-E444-4F37-A329-87ADF1C253ED}.Release|Any CPU.Build.0 = Release|Any CPU
		{56C7BAF4-F1C7-46B3-812C-B257D2E26850}.Debug|Any CPU.ActiveCfg = Debug|Any CPU
		{56C7BAF4-F1C7-46B3-812C-B257D2E26850}.Debug|Any CPU.Build.0 = Debug|Any CPU
		{56C7BAF4-F1C7-46B3-812C-B257D2E26850}.Release|Any CPU.ActiveCfg = Release|Any CPU
		{56C7BAF4-F1C7-46B3-812C-B257D2E26850}.Release|Any CPU.Build.0 = Release|Any CPU
	EndGlobalSection
	GlobalSection(SolutionProperties) = preSolution
		HideSolutionNode = FALSE
	EndGlobalSection
	GlobalSection(ExtensibilityGlobals) = postSolution
		SolutionGuid = {6A6A84FF-8E62-4EBF-ADD5-A6C2C1D1117C}
	EndGlobalSection
EndGlobal
